
Microsoft Visual Studio Solution File, Format Version 12.00
# Visual Studio Version 17
VisualStudioVersion = 17.4.33110.190
MinimumVisualStudioVersion = 10.0.40219.1
Project("{9A19103F-16F7-4668-BE54-9A1E7A4F7556}") = "DS.ClientControllSystem", "DS.ClientControllSystem\DS.ClientControllSystem.csproj", "{270221CE-92A5-4263-A8DE-5CD2DA3D7FFE}"
EndProject
Project("{2150E333-8FDC-42A3-9474-1A3956D46DE8}") = "2- AppProgrammingInterface", "2- AppProgrammingInterface", "{1F127AF8-57BB-4489-8DA1-DD51A510A0E5}"
EndProject
Project("{2150E333-8FDC-42A3-9474-1A3956D46DE8}") = "3- Service", "3- Service", "{AE92982D-4232-4379-B150-8397B383897E}"
EndProject
Project("{2150E333-8FDC-42A3-9474-1A3956D46DE8}") = "4- Infrastructure", "4- Infrastructure", "{F168713E-616C-4BC7-AF02-5FD96D61964C}"
EndProject
Project("{2150E333-8FDC-42A3-9474-1A3956D46DE8}") = "5- Domain", "5- Domain", "{E05621D7-D467-4BD6-A781-4D93A35EC9B3}"
EndProject
Project("{9A19103F-16F7-4668-BE54-9A1E7A4F7556}") = "DS.Service.ClientControll", "DS.Service.ClientControll\DS.Service.ClientControll.csproj", "{1DA3D8A0-E294-47F5-9E1F-39D336BB30FB}"
EndProject
Project("{9A19103F-16F7-4668-BE54-9A1E7A4F7556}") = "DS.Infrastructure.ClientControll", "DS.Infrastructure.ClientControll\DS.Infrastructure.ClientControll.csproj", "{D068E394-BB7A-497E-ABE8-F98B52BB6DA3}"
EndProject
Project("{9A19103F-16F7-4668-BE54-9A1E7A4F7556}") = "DS.Domain.ClientControll", "DS.Domain.ClientControll\DS.Domain.ClientControll.csproj", "{5CB64B24-2A3C-49B6-87D0-8D88EB746F47}"
EndProject
Project("{9A19103F-16F7-4668-BE54-9A1E7A4F7556}") = "DS.Infrastructure.Utils.ClientControll", "DS.Infrastructure.Utils.ClientControll\DS.Infrastructure.Utils.ClientControll.csproj", "{BC7BDDCC-1640-41E2-8583-6FAFA9443FAF}"
EndProject
Global
	GlobalSection(SolutionConfigurationPlatforms) = preSolution
		Debug|Any CPU = Debug|Any CPU
		Release|Any CPU = Release|Any CPU
	EndGlobalSection
	GlobalSection(ProjectConfigurationPlatforms) = postSolution
		{270221CE-92A5-4263-A8DE-5CD2DA3D7FFE}.Debug|Any CPU.ActiveCfg = Debug|Any CPU
		{270221CE-92A5-4263-A8DE-5CD2DA3D7FFE}.Debug|Any CPU.Build.0 = Debug|Any CPU
		{270221CE-92A5-4263-A8DE-5CD2DA3D7FFE}.Release|Any CPU.ActiveCfg = Release|Any CPU
		{270221CE-92A5-4263-A8DE-5CD2DA3D7FFE}.Release|Any CPU.Build.0 = Release|Any CPU
		{1DA3D8A0-E294-47F5-9E1F-39D336BB30FB}.Debug|Any CPU.ActiveCfg = Debug|Any CPU
		{1DA3D8A0-E294-47F5-9E1F-39D336BB30FB}.Debug|Any CPU.Build.0 = Debug|Any CPU
		{1DA3D8A0-E294-47F5-9E1F-39D336BB30FB}.Release|Any CPU.ActiveCfg = Release|Any CPU
		{1DA3D8A0-E294-47F5-9E1F-39D336BB30FB}.Release|Any CPU.Build.0 = Release|Any CPU
		{D068E394-BB7A-497E-ABE8-F98B52BB6DA3}.Debug|Any CPU.ActiveCfg = Debug|Any CPU
		{D068E394-BB7A-497E-ABE8-F98B52BB6DA3}.Debug|Any CPU.Build.0 = Debug|Any CPU
		{D068E394-BB7A-497E-ABE8-F98B52BB6DA3}.Release|Any CPU.ActiveCfg = Release|Any CPU
		{D068E394-BB7A-497E-ABE8-F98B52BB6DA3}.Release|Any CPU.Build.0 = Release|Any CPU
		{5CB64B24-2A3C-49B6-87D0-8D88EB746F47}.Debug|Any CPU.ActiveCfg = Debug|Any CPU
		{5CB64B24-2A3C-49B6-87D0-8D88EB746F47}.Debug|Any CPU.Build.0 = Debug|Any CPU
		{5CB64B24-2A3C-49B6-87D0-8D88EB746F47}.Release|Any CPU.ActiveCfg = Release|Any CPU
		{5CB64B24-2A3C-49B6-87D0-8D88EB746F47}.Release|Any CPU.Build.0 = Release|Any CPU
		{BC7BDDCC-1640-41E2-8583-6FAFA9443FAF}.Debug|Any CPU.ActiveCfg = Debug|Any CPU
		{BC7BDDCC-1640-41E2-8583-6FAFA9443FAF}.Debug|Any CPU.Build.0 = Debug|Any CPU
		{BC7BDDCC-1640-41E2-8583-6FAFA9443FAF}.Release|Any CPU.ActiveCfg = Release|Any CPU
		{BC7BDDCC-1640-41E2-8583-6FAFA9443FAF}.Release|Any CPU.Build.0 = Release|Any CPU
	EndGlobalSection
	GlobalSection(SolutionProperties) = preSolution
		HideSolutionNode = FALSE
	EndGlobalSection
	GlobalSection(NestedProjects) = preSolution
		{270221CE-92A5-4263-A8DE-5CD2DA3D7FFE} = {1F127AF8-57BB-4489-8DA1-DD51A510A0E5}
		{1DA3D8A0-E294-47F5-9E1F-39D336BB30FB} = {AE92982D-4232-4379-B150-8397B383897E}
		{D068E394-BB7A-497E-ABE8-F98B52BB6DA3} = {F168713E-616C-4BC7-AF02-5FD96D61964C}
		{5CB64B24-2A3C-49B6-87D0-8D88EB746F47} = {E05621D7-D467-4BD6-A781-4D93A35EC9B3}
		{BC7BDDCC-1640-41E2-8583-6FAFA9443FAF} = {F168713E-616C-4BC7-AF02-5FD96D61964C}
	EndGlobalSection
	GlobalSection(ExtensibilityGlobals) = postSolution
		SolutionGuid = {17FFAF88-AD8B-48CF-8E43-36FC18D8DA0C}
	EndGlobalSection
EndGlobal
